
Microsoft Visual Studio Solution File, Format Version 11.00
# Visual Basic Express 2010
Project("{F184B08F-C81C-45F6-A57F-5ABD9991F28F}") = "Base2Conversion", "Base2Conversion\Base2Conversion.vbproj", "{B91658FA-A9B5-482C-8297-5E78F3360886}"
EndProject
Project("{F184B08F-C81C-45F6-A57F-5ABD9991F28F}") = "Base2ConversionForm", "Base2ConversionForm\Base2ConversionForm.vbproj", "{50E643B2-5255-40FD-93A3-40008CA57926}"
	ProjectSection(ProjectDependencies) = postProject
		{B91658FA-A9B5-482C-8297-5E78F3360886} = {B91658FA-A9B5-482C-8297-5E78F3360886}
	EndProjectSection
EndProject
Global
	GlobalSection(SolutionConfigurationPlatforms) = preSolution
		Debug|Any CPU = Debug|Any CPU
		Release|Any CPU = Release|Any CPU
	EndGlobalSection
	GlobalSection(ProjectConfigurationPlatforms) = postSolution
		{B91658FA-A9B5-482C-8297-5E78F3360886}.Debug|Any CPU.ActiveCfg = Debug|Any CPU
		{B91658FA-A9B5-482C-8297-5E78F3360886}.Debug|Any CPU.Build.0 = Debug|Any CPU
		{B91658FA-A9B5-482C-8297-5E78F3360886}.Release|Any CPU.ActiveCfg = Release|Any CPU
		{B91658FA-A9B5-482C-8297-5E78F3360886}.Release|Any CPU.Build.0 = Release|Any CPU
		{50E643B2-5255-40FD-93A3-40008CA57926}.Debug|Any CPU.ActiveCfg = Debug|Any CPU
		{50E643B2-5255-40FD-93A3-40008CA57926}.Debug|Any CPU.Build.0 = Debug|Any CPU
		{50E643B2-5255-40FD-93A3-40008CA57926}.Release|Any CPU.ActiveCfg = Release|Any CPU
		{50E643B2-5255-40FD-93A3-40008CA57926}.Release|Any CPU.Build.0 = Release|Any CPU
	EndGlobalSection
	GlobalSection(SolutionProperties) = preSolution
		HideSolutionNode = FALSE
	EndGlobalSection
EndGlobal
